// !$*UTF8*$!
{
	archiveVersion = 1;
	classes = {
	};
	objectVersion = 46;
	objects = {

/* Begin PBXBuildFile section */
		60375EA31D89450700BD39F7 /* AppDelegate.swift in Sources */ = {isa = PBXBuildFile; fileRef = 60375EA21D89450700BD39F7 /* AppDelegate.swift */; };
		60375EA51D89450700BD39F7 /* ViewController.swift in Sources */ = {isa = PBXBuildFile; fileRef = 60375EA41D89450700BD39F7 /* ViewController.swift */; };
		60375EA81D89450700BD39F7 /* Main.storyboard in Resources */ = {isa = PBXBuildFile; fileRef = 60375EA61D89450700BD39F7 /* Main.storyboard */; };
		60375EAA1D89450700BD39F7 /* Assets.xcassets in Resources */ = {isa = PBXBuildFile; fileRef = 60375EA91D89450700BD39F7 /* Assets.xcassets */; };
		60375EAD1D89450700BD39F7 /* LaunchScreen.storyboard in Resources */ = {isa = PBXBuildFile; fileRef = 60375EAB1D89450700BD39F7 /* LaunchScreen.storyboard */; };
		60375EB81D89450700BD39F7 /* DestroyTheWorldTests.swift in Sources */ = {isa = PBXBuildFile; fileRef = 60375EB71D89450700BD39F7 /* DestroyTheWorldTests.swift */; };
		60375EC31D89450700BD39F7 /* DestroyTheWorldUITests.swift in Sources */ = {isa = PBXBuildFile; fileRef = 60375EC21D89450700BD39F7 /* DestroyTheWorldUITests.swift */; };
/* End PBXBuildFile section */

/* Begin PBXContainerItemProxy section */
		60375EB41D89450700BD39F7 /* PBXContainerItemProxy */ = {
			isa = PBXContainerItemProxy;
			containerPortal = 60375E971D89450700BD39F7 /* Project object */;
			proxyType = 1;
			remoteGlobalIDString = 60375E9E1D89450700BD39F7;
			remoteInfo = DestroyTheWorld;
		};
		60375EBF1D89450700BD39F7 /* PBXContainerItemProxy */ = {
			isa = PBXContainerItemProxy;
			containerPortal = 60375E971D89450700BD39F7 /* Project object */;
			proxyType = 1;
			remoteGlobalIDString = 60375E9E1D89450700BD39F7;
			remoteInfo = DestroyTheWorld;
		};
/* End PBXContainerItemProxy section */

/* Begin PBXFileReference section */
		60375E9F1D89450700BD39F7 /* DestroyTheWorld.app */ = {isa = PBXFileReference; explicitFileType = wrapper.application; includeInIndex = 0; path = DestroyTheWorld.app; sourceTree = BUILT_PRODUCTS_DIR; };
		60375EA21D89450700BD39F7 /* AppDelegate.swift */ = {isa = PBXFileReference; lastKnownFileType = sourcecode.swift; path = AppDelegate.swift; sourceTree = "<group>"; };
		60375EA41D89450700BD39F7 /* ViewController.swift */ = {isa = PBXFileReference; lastKnownFileType = sourcecode.swift; path = ViewController.swift; sourceTree = "<group>"; };
		60375EA71D89450700BD39F7 /* Base */ = {isa = PBXFileReference; lastKnownFileType = file.storyboard; name = Base; path = Base.lproj/Main.storyboard; sourceTree = "<group>"; };
		60375EA91D89450700BD39F7 /* Assets.xcassets */ = {isa = PBXFileReference; lastKnownFileType = folder.assetcatalog; path = Assets.xcassets; sourceTree = "<group>"; };
		60375EAC1D89450700BD39F7 /* Base */ = {isa = PBXFileReference; lastKnownFileType = file.storyboard; name = Base; path = Base.lproj/LaunchScreen.storyboard; sourceTree = "<group>"; };
		60375EAE1D89450700BD39F7 /* Info.plist */ = {isa = PBXFileReference; lastKnownFileType = text.plist.xml; path = Info.plist; sourceTree = "<group>"; };
		60375EB31D89450700BD39F7 /* DestroyTheWorldTests.xctest */ = {isa = PBXFileReference; explicitFileType = wrapper.cfbundle; includeInIndex = 0; path = DestroyTheWorldTests.xctest; sourceTree = BUILT_PRODUCTS_DIR; };
		60375EB71D89450700BD39F7 /* DestroyTheWorldTests.swift */ = {isa = PBXFileReference; lastKnownFileType = sourcecode.swift; path = DestroyTheWorldTests.swift; sourceTree = "<group>"; };
		60375EB91D89450700BD39F7 /* Info.plist */ = {isa = PBXFileReference; lastKnownFileType = text.plist.xml; path = Info.plist; sourceTree = "<group>"; };
		60375EBE1D89450700BD39F7 /* DestroyTheWorldUITests.xctest */ = {isa = PBXFileReference; explicitFileType = wrapper.cfbundle; includeInIndex = 0; path = DestroyTheWorldUITests.xctest; sourceTree = BUILT_PRODUCTS_DIR; };
		60375EC21D89450700BD39F7 /* DestroyTheWorldUITests.swift */ = {isa = PBXFileReference; lastKnownFileType = sourcecode.swift; path = DestroyTheWorldUITests.swift; sourceTree = "<group>"; };
		60375EC41D89450700BD39F7 /* Info.plist */ = {isa = PBXFileReference; lastKnownFileType = text.plist.xml; path = Info.plist; sourceTree = "<group>"; };
/* End PBXFileReference section */

/* Begin PBXFrameworksBuildPhase section */
		60375E9C1D89450700BD39F7 /* Frameworks */ = {
			isa = PBXFrameworksBuildPhase;
			buildActionMask = 2147483647;
			files = (
			);
			runOnlyForDeploymentPostprocessing = 0;
		};
		60375EB01D89450700BD39F7 /* Frameworks */ = {
			isa = PBXFrameworksBuildPhase;
			buildActionMask = 2147483647;
			files = (
			);
			runOnlyForDeploymentPostprocessing = 0;
		};
		60375EBB1D89450700BD39F7 /* Frameworks */ = {
			isa = PBXFrameworksBuildPhase;
			buildActionMask = 2147483647;
			files = (
			);
			runOnlyForDeploymentPostprocessing = 0;
		};
/* End PBXFrameworksBuildPhase section */

/* Begin PBXGroup section */
		60375E961D89450700BD39F7 = {
			isa = PBXGroup;
			children = (
				60375EA11D89450700BD39F7 /* DestroyTheWorld */,
				60375EB61D89450700BD39F7 /* DestroyTheWorldTests */,
				60375EC11D89450700BD39F7 /* DestroyTheWorldUITests */,
				60375EA01D89450700BD39F7 /* Products */,
			);
			sourceTree = "<group>";
		};
		60375EA01D89450700BD39F7 /* Products */ = {
			isa = PBXGroup;
			children = (
				60375E9F1D89450700BD39F7 /* DestroyTheWorld.app */,
				60375EB31D89450700BD39F7 /* DestroyTheWorldTests.xctest */,
				60375EBE1D89450700BD39F7 /* DestroyTheWorldUITests.xctest */,
			);
			name = Products;
			sourceTree = "<group>";
		};
		60375EA11D89450700BD39F7 /* DestroyTheWorld */ = {
			isa = PBXGroup;
			children = (
				60375EA21D89450700BD39F7 /* AppDelegate.swift */,
				60375EA41D89450700BD39F7 /* ViewController.swift */,
				60375EA61D89450700BD39F7 /* Main.storyboard */,
				60375EA91D89450700BD39F7 /* Assets.xcassets */,
				60375EAB1D89450700BD39F7 /* LaunchScreen.storyboard */,
				60375EAE1D89450700BD39F7 /* Info.plist */,
			);
			path = DestroyTheWorld;
			sourceTree = "<group>";
		};
		60375EB61D89450700BD39F7 /* DestroyTheWorldTests */ = {
			isa = PBXGroup;
			children = (
				60375EB71D89450700BD39F7 /* DestroyTheWorldTests.swift */,
				60375EB91D89450700BD39F7 /* Info.plist */,
			);
			path = DestroyTheWorldTests;
			sourceTree = "<group>";
		};
		60375EC11D89450700BD39F7 /* DestroyTheWorldUITests */ = {
			isa = PBXGroup;
			children = (
				60375EC21D89450700BD39F7 /* DestroyTheWorldUITests.swift */,
				60375EC41D89450700BD39F7 /* Info.plist */,
			);
			path = DestroyTheWorldUITests;
			sourceTree = "<group>";
		};
/* End PBXGroup section */

/* Begin PBXNativeTarget section */
		60375E9E1D89450700BD39F7 /* DestroyTheWorld */ = {
			isa = PBXNativeTarget;
			buildConfigurationList = 60375EC71D89450700BD39F7 /* Build configuration list for PBXNativeTarget "DestroyTheWorld" */;
			buildPhases = (
				60375E9B1D89450700BD39F7 /* Sources */,
				60375E9C1D89450700BD39F7 /* Frameworks */,
				60375E9D1D89450700BD39F7 /* Resources */,
			);
			buildRules = (
			);
			dependencies = (
			);
			name = DestroyTheWorld;
			productName = DestroyTheWorld;
			productReference = 60375E9F1D89450700BD39F7 /* DestroyTheWorld.app */;
			productType = "com.apple.product-type.application";
		};
		60375EB21D89450700BD39F7 /* DestroyTheWorldTests */ = {
			isa = PBXNativeTarget;
			buildConfigurationList = 60375ECA1D89450700BD39F7 /* Build configuration list for PBXNativeTarget "DestroyTheWorldTests" */;
			buildPhases = (
				60375EAF1D89450700BD39F7 /* Sources */,
				60375EB01D89450700BD39F7 /* Frameworks */,
				60375EB11D89450700BD39F7 /* Resources */,
			);
			buildRules = (
			);
			dependencies = (
				60375EB51D89450700BD39F7 /* PBXTargetDependency */,
			);
			name = DestroyTheWorldTests;
			productName = DestroyTheWorldTests;
			productReference = 60375EB31D89450700BD39F7 /* DestroyTheWorldTests.xctest */;
			productType = "com.apple.product-type.bundle.unit-test";
		};
		60375EBD1D89450700BD39F7 /* DestroyTheWorldUITests */ = {
			isa = PBXNativeTarget;
			buildConfigurationList = 60375ECD1D89450700BD39F7 /* Build configuration list for PBXNativeTarget "DestroyTheWorldUITests" */;
			buildPhases = (
				60375EBA1D89450700BD39F7 /* Sources */,
				60375EBB1D89450700BD39F7 /* Frameworks */,
				60375EBC1D89450700BD39F7 /* Resources */,
			);
			buildRules = (
			);
			dependencies = (
				60375EC01D89450700BD39F7 /* PBXTargetDependency */,
			);
			name = DestroyTheWorldUITests;
			productName = DestroyTheWorldUITests;
			productReference = 60375EBE1D89450700BD39F7 /* DestroyTheWorldUITests.xctest */;
			productType = "com.apple.product-type.bundle.ui-testing";
		};
/* End PBXNativeTarget section */

/* Begin PBXProject section */
		60375E971D89450700BD39F7 /* Project object */ = {
			isa = PBXProject;
			attributes = {
				LastSwiftUpdateCheck = 0730;
				LastUpgradeCheck = 0730;
				ORGANIZATIONNAME = "Rahul Agarwal";
				TargetAttributes = {
					60375E9E1D89450700BD39F7 = {
						CreatedOnToolsVersion = 7.3.1;
					};
					60375EB21D89450700BD39F7 = {
						CreatedOnToolsVersion = 7.3.1;
						TestTargetID = 60375E9E1D89450700BD39F7;
					};
					60375EBD1D89450700BD39F7 = {
						CreatedOnToolsVersion = 7.3.1;
						TestTargetID = 60375E9E1D89450700BD39F7;
					};
				};
			};
			buildConfigurationList = 60375E9A1D89450700BD39F7 /* Build configuration list for PBXProject "DestroyTheWorld" */;
			compatibilityVersion = "Xcode 3.2";
			developmentRegion = English;
			hasScannedForEncodings = 0;
			knownRegions = (
				en,
				Base,
			);
			mainGroup = 60375E961D89450700BD39F7;
			productRefGroup = 60375EA01D89450700BD39F7 /* Products */;
			projectDirPath = "";
			projectRoot = "";
			targets = (
				60375E9E1D89450700BD39F7 /* DestroyTheWorld */,
				60375EB21D89450700BD39F7 /* DestroyTheWorldTests */,
				60375EBD1D89450700BD39F7 /* DestroyTheWorldUITests */,
			);
		};
/* End PBXProject section */

/* Begin PBXResourcesBuildPhase section */
		60375E9D1D89450700BD39F7 /* Resources */ = {
			isa = PBXResourcesBuildPhase;
			buildActionMask = 2147483647;
			files = (
				60375EAD1D89450700BD39F7 /* LaunchScreen.storyboard in Resources */,
				60375EAA1D89450700BD39F7 /* Assets.xcassets in Resources */,
				60375EA81D89450700BD39F7 /* Main.storyboard in Resources */,
			);
			runOnlyForDeploymentPostprocessing = 0;
		};
		60375EB11D89450700BD39F7 /* Resources */ = {
			isa = PBXResourcesBuildPhase;
			buildActionMask = 2147483647;
			files = (
			);
			runOnlyForDeploymentPostprocessing = 0;
		};
		60375EBC1D89450700BD39F7 /* Resources */ = {
			isa = PBXResourcesBuildPhase;
			buildActionMask = 2147483647;
			files = (
			);
			runOnlyForDeploymentPostprocessing = 0;
		};
/* End PBXResourcesBuildPhase section */

/* Begin PBXSourcesBuildPhase section */
		60375E9B1D89450700BD39F7 /* Sources */ = {
			isa = PBXSourcesBuildPhase;
			buildActionMask = 2147483647;
			files = (
				60375EA51D89450700BD39F7 /* ViewController.swift in Sources */,
				60375EA31D89450700BD39F7 /* AppDelegate.swift in Sources */,
			);
			runOnlyForDeploymentPostprocessing = 0;
		};
		60375EAF1D89450700BD39F7 /* Sources */ = {
			isa = PBXSourcesBuildPhase;
			buildActionMask = 2147483647;
			files = (
				60375EB81D89450700BD39F7 /* DestroyTheWorldTests.swift in Sources */,
			);
			runOnlyForDeploymentPostprocessing = 0;
		};
		60375EBA1D89450700BD39F7 /* Sources */ = {
			isa = PBXSourcesBuildPhase;
			buildActionMask = 2147483647;
			files = (
				60375EC31D89450700BD39F7 /* DestroyTheWorldUITests.swift in Sources */,
			);
			runOnlyForDeploymentPostprocessing = 0;
		};
/* End PBXSourcesBuildPhase section */

/* Begin PBXTargetDependency section */
		60375EB51D89450700BD39F7 /* PBXTargetDependency */ = {
			isa = PBXTargetDependency;
			target = 60375E9E1D89450700BD39F7 /* DestroyTheWorld */;
			targetProxy = 60375EB41D89450700BD39F7 /* PBXContainerItemProxy */;
		};
		60375EC01D89450700BD39F7 /* PBXTargetDependency */ = {
			isa = PBXTargetDependency;
			target = 60375E9E1D89450700BD39F7 /* DestroyTheWorld */;
			targetProxy = 60375EBF1D89450700BD39F7 /* PBXContainerItemProxy */;
		};
/* End PBXTargetDependency section */

/* Begin PBXVariantGroup section */
		60375EA61D89450700BD39F7 /* Main.storyboard */ = {
			isa = PBXVariantGroup;
			children = (
				60375EA71D89450700BD39F7 /* Base */,
			);
			name = Main.storyboard;
			sourceTree = "<group>";
		};
		60375EAB1D89450700BD39F7 /* LaunchScreen.storyboard */ = {
			isa = PBXVariantGroup;
			children = (
				60375EAC1D89450700BD39F7 /* Base */,
			);
			name = LaunchScreen.storyboard;
			sourceTree = "<group>";
		};
/* End PBXVariantGroup section */

/* Begin XCBuildConfiguration section */
		60375EC51D89450700BD39F7 /* Debug */ = {
			isa = XCBuildConfiguration;
			buildSettings = {
				ALWAYS_SEARCH_USER_PATHS = NO;
				CLANG_ANALYZER_NONNULL = YES;
				CLANG_CXX_LANGUAGE_STANDARD = "gnu++0x";
				CLANG_CXX_LIBRARY = "libc++";
				CLANG_ENABLE_MODULES = YES;
				CLANG_ENABLE_OBJC_ARC = YES;
				CLANG_WARN_BOOL_CONVERSION = YES;
				CLANG_WARN_CONSTANT_CONVERSION = YES;
				CLANG_WARN_DIRECT_OBJC_ISA_USAGE = YES_ERROR;
				CLANG_WARN_EMPTY_BODY = YES;
				CLANG_WARN_ENUM_CONVERSION = YES;
				CLANG_WARN_INT_CONVERSION = YES;
				CLANG_WARN_OBJC_ROOT_CLASS = YES_ERROR;
				CLANG_WARN_UNREACHABLE_CODE = YES;
				CLANG_WARN__DUPLICATE_METHOD_MATCH = YES;
				"CODE_SIGN_IDENTITY[sdk=iphoneos*]" = "iPhone Developer";
				COPY_PHASE_STRIP = NO;
				DEBUG_INFORMATION_FORMAT = dwarf;
				ENABLE_STRICT_OBJC_MSGSEND = YES;
				ENABLE_TESTABILITY = YES;
				GCC_C_LANGUAGE_STANDARD = gnu99;
				GCC_DYNAMIC_NO_PIC = NO;
				GCC_NO_COMMON_BLOCKS = YES;
				GCC_OPTIMIZATION_LEVEL = 0;
				GCC_PREPROCESSOR_DEFINITIONS = (
					"DEBUG=1",
					"$(inherited)",
				);
				GCC_WARN_64_TO_32_BIT_CONVERSION = YES;
				GCC_WARN_ABOUT_RETURN_TYPE = YES_ERROR;
				GCC_WARN_UNDECLARED_SELECTOR = YES;
				GCC_WARN_UNINITIALIZED_AUTOS = YES_AGGRESSIVE;
				GCC_WARN_UNUSED_FUNCTION = YES;
				GCC_WARN_UNUSED_VARIABLE = YES;
				IPHONEOS_DEPLOYMENT_TARGET = 9.3;
				MTL_ENABLE_DEBUG_INFO = YES;
				ONLY_ACTIVE_ARCH = YES;
				SDKROOT = iphoneos;
				SWIFT_OPTIMIZATION_LEVEL = "-Onone";
			};
			name = Debug;
		};
		60375EC61D89450700BD39F7 /* Release */ = {
			isa = XCBuildConfiguration;
			buildSettings = {
				ALWAYS_SEARCH_USER_PATHS = NO;
				CLANG_ANALYZER_NONNULL = YES;
				CLANG_CXX_LANGUAGE_STANDARD = "gnu++0x";
				CLANG_CXX_LIBRARY = "libc++";
				CLANG_ENABLE_MODULES = YES;
				CLANG_ENABLE_OBJC_ARC = YES;
				CLANG_WARN_BOOL_CONVERSION = YES;
				CLANG_WARN_CONSTANT_CONVERSION = YES;
				CLANG_WARN_DIRECT_OBJC_ISA_USAGE = YES_ERROR;
				CLANG_WARN_EMPTY_BODY = YES;
				CLANG_WARN_ENUM_CONVERSION = YES;
				CLANG_WARN_INT_CONVERSION = YES;
				CLANG_WARN_OBJC_ROOT_CLASS = YES_ERROR;
				CLANG_WARN_UNREACHABLE_CODE = YES;
				CLANG_WARN__DUPLICATE_METHOD_MATCH = YES;
				"CODE_SIGN_IDENTITY[sdk=iphoneos*]" = "iPhone Developer";
				COPY_PHASE_STRIP = NO;
				DEBUG_INFORMATION_FORMAT = "dwarf-with-dsym";
				ENABLE_NS_ASSERTIONS = NO;
				ENABLE_STRICT_OBJC_MSGSEND = YES;
				GCC_C_LANGUAGE_STANDARD = gnu99;
				GCC_NO_COMMON_BLOCKS = YES;
				GCC_WARN_64_TO_32_BIT_CONVERSION = YES;
				GCC_WARN_ABOUT_RETURN_TYPE = YES_ERROR;
				GCC_WARN_UNDECLARED_SELECTOR = YES;
				GCC_WARN_UNINITIALIZED_AUTOS = YES_AGGRESSIVE;
				GCC_WARN_UNUSED_FUNCTION = YES;
				GCC_WARN_UNUSED_VARIABLE = YES;
				IPHONEOS_DEPLOYMENT_TARGET = 9.3;
				MTL_ENABLE_DEBUG_INFO = NO;
				SDKROOT = iphoneos;
				VALIDATE_PRODUCT = YES;
			};
			name = Release;
		};
		60375EC81D89450700BD39F7 /* Debug */ = {
			isa = XCBuildConfiguration;
			buildSettings = {
				ASSETCATALOG_COMPILER_APPICON_NAME = AppIcon;
				INFOPLIST_FILE = DestroyTheWorld/Info.plist;
				LD_RUNPATH_SEARCH_PATHS = "$(inherited) @executable_path/Frameworks";
				PRODUCT_BUNDLE_IDENTIFIER = "Agarwal-Rahul.DestroyTheWorld";
				PRODUCT_NAME = "$(TARGET_NAME)";
			};
			name = Debug;
		};
		60375EC91D89450700BD39F7 /* Release */ = {
			isa = XCBuildConfiguration;
			buildSettings = {
				ASSETCATALOG_COMPILER_APPICON_NAME = AppIcon;
				INFOPLIST_FILE = DestroyTheWorld/Info.plist;
				LD_RUNPATH_SEARCH_PATHS = "$(inherited) @executable_path/Frameworks";
				PRODUCT_BUNDLE_IDENTIFIER = "Agarwal-Rahul.DestroyTheWorld";
				PRODUCT_NAME = "$(TARGET_NAME)";
			};
			name = Release;
		};
		60375ECB1D89450700BD39F7 /* Debug */ = {
			isa = XCBuildConfiguration;
			buildSettings = {
				BUNDLE_LOADER = "$(TEST_HOST)";
				INFOPLIST_FILE = DestroyTheWorldTests/Info.plist;
				LD_RUNPATH_SEARCH_PATHS = "$(inherited) @executable_path/Frameworks @loader_path/Frameworks";
				PRODUCT_BUNDLE_IDENTIFIER = "Agarwal-Rahul.DestroyTheWorldTests";
				PRODUCT_NAME = "$(TARGET_NAME)";
				TEST_HOST = "$(BUILT_PRODUCTS_DIR)/DestroyTheWorld.app/DestroyTheWorld";
			};
			name = Debug;
		};
		60375ECC1D89450700BD39F7 /* Release */ = {
			isa = XCBuildConfiguration;
			buildSettings = {
				BUNDLE_LOADER = "$(TEST_HOST)";
				INFOPLIST_FILE = DestroyTheWorldTests/Info.plist;
				LD_RUNPATH_SEARCH_PATHS = "$(inherited) @executable_path/Frameworks @loader_path/Frameworks";
				PRODUCT_BUNDLE_IDENTIFIER = "Agarwal-Rahul.DestroyTheWorldTests";
				PRODUCT_NAME = "$(TARGET_NAME)";
				TEST_HOST = "$(BUILT_PRODUCTS_DIR)/DestroyTheWorld.app/DestroyTheWorld";
			};
			name = Release;
		};
		60375ECE1D89450700BD39F7 /* Debug */ = {
			isa = XCBuildConfiguration;
			buildSettings = {
				INFOPLIST_FILE = DestroyTheWorldUITests/Info.plist;
				LD_RUNPATH_SEARCH_PATHS = "$(inherited) @executable_path/Frameworks @loader_path/Frameworks";
				PRODUCT_BUNDLE_IDENTIFIER = "Agarwal-Rahul.DestroyTheWorldUITests";
				PRODUCT_NAME = "$(TARGET_NAME)";
				TEST_TARGET_NAME = DestroyTheWorld;
			};
			name = Debug;
		};
		60375ECF1D89450700BD39F7 /* Release */ = {
			isa = XCBuildConfiguration;
			buildSettings = {
				INFOPLIST_FILE = DestroyTheWorldUITests/Info.plist;
				LD_RUNPATH_SEARCH_PATHS = "$(inherited) @executable_path/Frameworks @loader_path/Frameworks";
				PRODUCT_BUNDLE_IDENTIFIER = "Agarwal-Rahul.DestroyTheWorldUITests";
				PRODUCT_NAME = "$(TARGET_NAME)";
				TEST_TARGET_NAME = DestroyTheWorld;
			};
			name = Release;
		};
/* End XCBuildConfiguration section */

/* Begin XCConfigurationList section */
		60375E9A1D89450700BD39F7 /* Build configuration list for PBXProject "DestroyTheWorld" */ = {
			isa = XCConfigurationList;
			buildConfigurations = (
				60375EC51D89450700BD39F7 /* Debug */,
				60375EC61D89450700BD39F7 /* Release */,
			);
			defaultConfigurationIsVisible = 0;
			defaultConfigurationName = Release;
		};
		60375EC71D89450700BD39F7 /* Build configuration list for PBXNativeTarget "DestroyTheWorld" */ = {
			isa = XCConfigurationList;
			buildConfigurations = (
				60375EC81D89450700BD39F7 /* Debug */,
				60375EC91D89450700BD39F7 /* Release */,
			);
			defaultConfigurationIsVisible = 0;
		};
		60375ECA1D89450700BD39F7 /* Build configuration list for PBXNativeTarget "DestroyTheWorldTests" */ = {
			isa = XCConfigurationList;
			buildConfigurations = (
				60375ECB1D89450700BD39F7 /* Debug */,
				60375ECC1D89450700BD39F7 /* Release */,
			);
			defaultConfigurationIsVisible = 0;
		};
		60375ECD1D89450700BD39F7 /* Build configuration list for PBXNativeTarget "DestroyTheWorldUITests" */ = {
			isa = XCConfigurationList;
			buildConfigurations = (
				60375ECE1D89450700BD39F7 /* Debug */,
				60375ECF1D89450700BD39F7 /* Release */,
			);
			defaultConfigurationIsVisible = 0;
		};
/* End XCConfigurationList section */
	};
	rootObject = 60375E971D89450700BD39F7 /* Project object */;
}
